// !$*UTF8*$!
{
	archiveVersion = 1;
	classes = {
	};
	objectVersion = 46;
	objects = {

/* Begin PBXBuildFile section */
		B11FD2C941B8EDFE93A72538 /* Pods.framework in Frameworks */ = {isa = PBXBuildFile; fileRef = FEC55DF5E2D04D9C8DCF55C4 /* Pods.framework */; };
		C003DB871B462D2B00A90329 /* GraphQL.h in Headers */ = {isa = PBXBuildFile; fileRef = C003DB861B462D2B00A90329 /* GraphQL.h */; settings = {ATTRIBUTES = (Public, ); }; };
		C003DB8E1B462D2B00A90329 /* GraphQL.framework in Frameworks */ = {isa = PBXBuildFile; fileRef = C003DB831B462D2B00A90329 /* GraphQL.framework */; };
		C003DBA11B462D3900A90329 /* Token.swift in Sources */ = {isa = PBXBuildFile; fileRef = C003DB9E1B462D3900A90329 /* Token.swift */; };
		C003DBAA1B4636DB00A90329 /* GraphQL.swift in Sources */ = {isa = PBXBuildFile; fileRef = C003DBA91B4636DB00A90329 /* GraphQL.swift */; };
		C00CA1541C07DCC3004DF73F /* StarWarsData.swift in Sources */ = {isa = PBXBuildFile; fileRef = C00CA1531C07DCC3004DF73F /* StarWarsData.swift */; };
		C00CA1561C07DCEC004DF73F /* StarWarsModels.swift in Sources */ = {isa = PBXBuildFile; fileRef = C00CA1551C07DCEC004DF73F /* StarWarsModels.swift */; };
		C06F7F791B856769006CF035 /* Visitor.swift in Sources */ = {isa = PBXBuildFile; fileRef = C06F7F781B856769006CF035 /* Visitor.swift */; };
		C087DAC31C0B9FBB00EF4F91 /* Executor.swift in Sources */ = {isa = PBXBuildFile; fileRef = C087DAC21C0B9FBB00EF4F91 /* Executor.swift */; };
		C087DAC51C0B9FBF00EF4F91 /* Introspection.swift in Sources */ = {isa = PBXBuildFile; fileRef = C087DAC41C0B9FBF00EF4F91 /* Introspection.swift */; };
		C087DAE11C0B9FCB00EF4F91 /* Rule.swift in Sources */ = {isa = PBXBuildFile; fileRef = C087DAC71C0B9FCB00EF4F91 /* Rule.swift */; };
		C087DAE21C0B9FCB00EF4F91 /* ArgumentsOfCorrectType.swift in Sources */ = {isa = PBXBuildFile; fileRef = C087DAC91C0B9FCB00EF4F91 /* ArgumentsOfCorrectType.swift */; };
		C087DAE31C0B9FCB00EF4F91 /* DefaultValuesOfCorrectType.swift in Sources */ = {isa = PBXBuildFile; fileRef = C087DACA1C0B9FCB00EF4F91 /* DefaultValuesOfCorrectType.swift */; };
		C087DAE41C0B9FCB00EF4F91 /* FieldsOnCorrectType.swift in Sources */ = {isa = PBXBuildFile; fileRef = C087DACB1C0B9FCB00EF4F91 /* FieldsOnCorrectType.swift */; };
		C087DAE51C0B9FCB00EF4F91 /* FragmentsOnCompositeTypes.swift in Sources */ = {isa = PBXBuildFile; fileRef = C087DACC1C0B9FCB00EF4F91 /* FragmentsOnCompositeTypes.swift */; };
		C087DAE61C0B9FCB00EF4F91 /* KnownArgumentNames.swift in Sources */ = {isa = PBXBuildFile; fileRef = C087DACD1C0B9FCB00EF4F91 /* KnownArgumentNames.swift */; };
		C087DAE71C0B9FCB00EF4F91 /* KnownDirectives.swift in Sources */ = {isa = PBXBuildFile; fileRef = C087DACE1C0B9FCB00EF4F91 /* KnownDirectives.swift */; };
		C087DAE81C0B9FCB00EF4F91 /* KnownFragmentNames.swift in Sources */ = {isa = PBXBuildFile; fileRef = C087DACF1C0B9FCB00EF4F91 /* KnownFragmentNames.swift */; };
		C087DAE91C0B9FCB00EF4F91 /* KnownTypeNames.swift in Sources */ = {isa = PBXBuildFile; fileRef = C087DAD01C0B9FCB00EF4F91 /* KnownTypeNames.swift */; };
		C087DAEA1C0B9FCB00EF4F91 /* LoneAnonymousOperation.swift in Sources */ = {isa = PBXBuildFile; fileRef = C087DAD11C0B9FCB00EF4F91 /* LoneAnonymousOperation.swift */; };
		C087DAEB1C0B9FCB00EF4F91 /* NoFragmentCycles.swift in Sources */ = {isa = PBXBuildFile; fileRef = C087DAD21C0B9FCB00EF4F91 /* NoFragmentCycles.swift */; };
		C087DAEC1C0B9FCB00EF4F91 /* NoUndefinedVariables.swift in Sources */ = {isa = PBXBuildFile; fileRef = C087DAD31C0B9FCB00EF4F91 /* NoUndefinedVariables.swift */; };
		C087DAED1C0B9FCB00EF4F91 /* NoUnusedFragments.swift in Sources */ = {isa = PBXBuildFile; fileRef = C087DAD41C0B9FCB00EF4F91 /* NoUnusedFragments.swift */; };
		C087DAEE1C0B9FCB00EF4F91 /* NoUnusedVariables.swift in Sources */ = {isa = PBXBuildFile; fileRef = C087DAD51C0B9FCB00EF4F91 /* NoUnusedVariables.swift */; };
		C087DAEF1C0B9FCB00EF4F91 /* OverlappingFieldsCanBeMerged.swift in Sources */ = {isa = PBXBuildFile; fileRef = C087DAD61C0B9FCB00EF4F91 /* OverlappingFieldsCanBeMerged.swift */; };
		C087DAF01C0B9FCB00EF4F91 /* PossibleFragmentSpreads.swift in Sources */ = {isa = PBXBuildFile; fileRef = C087DAD71C0B9FCB00EF4F91 /* PossibleFragmentSpreads.swift */; };
		C087DAF11C0B9FCB00EF4F91 /* ProvidedNonNullArguments.swift in Sources */ = {isa = PBXBuildFile; fileRef = C087DAD81C0B9FCB00EF4F91 /* ProvidedNonNullArguments.swift */; };
		C087DAF21C0B9FCB00EF4F91 /* ScalarLeafs.swift in Sources */ = {isa = PBXBuildFile; fileRef = C087DAD91C0B9FCB00EF4F91 /* ScalarLeafs.swift */; };
		C087DAF31C0B9FCB00EF4F91 /* UniqueArgumentNames.swift in Sources */ = {isa = PBXBuildFile; fileRef = C087DADA1C0B9FCB00EF4F91 /* UniqueArgumentNames.swift */; };
		C087DAF41C0B9FCB00EF4F91 /* UniqueFragmentNames.swift in Sources */ = {isa = PBXBuildFile; fileRef = C087DADB1C0B9FCB00EF4F91 /* UniqueFragmentNames.swift */; };
		C087DAF51C0B9FCB00EF4F91 /* UniqueInputFieldNames.swift in Sources */ = {isa = PBXBuildFile; fileRef = C087DADC1C0B9FCB00EF4F91 /* UniqueInputFieldNames.swift */; };
		C087DAF61C0B9FCB00EF4F91 /* UniqueOperationNames.swift in Sources */ = {isa = PBXBuildFile; fileRef = C087DADD1C0B9FCB00EF4F91 /* UniqueOperationNames.swift */; };
		C087DAF71C0B9FCB00EF4F91 /* VariableAreInputTypes.swift in Sources */ = {isa = PBXBuildFile; fileRef = C087DADE1C0B9FCB00EF4F91 /* VariableAreInputTypes.swift */; };
		C087DAF81C0B9FCB00EF4F91 /* VariablesInAllowedPosition.swift in Sources */ = {isa = PBXBuildFile; fileRef = C087DADF1C0B9FCB00EF4F91 /* VariablesInAllowedPosition.swift */; };
		C087DAF91C0B9FCB00EF4F91 /* Validator.swift in Sources */ = {isa = PBXBuildFile; fileRef = C087DAE01C0B9FCB00EF4F91 /* Validator.swift */; };
		C087DAFF1C0B9FE600EF4F91 /* UniqueArgumentNamesSpec.swift in Sources */ = {isa = PBXBuildFile; fileRef = C087DAFC1C0B9FE600EF4F91 /* UniqueArgumentNamesSpec.swift */; };
		C087DB001C0B9FE600EF4F91 /* UniqueOperationNamesSpec.swift in Sources */ = {isa = PBXBuildFile; fileRef = C087DAFD1C0B9FE600EF4F91 /* UniqueOperationNamesSpec.swift */; };
		C087DB011C0B9FE600EF4F91 /* ValidatorHarness.swift in Sources */ = {isa = PBXBuildFile; fileRef = C087DAFE1C0B9FE600EF4F91 /* ValidatorHarness.swift */; };
		C087DB041C0BA03C00EF4F91 /* IdentityKit.swift in Sources */ = {isa = PBXBuildFile; fileRef = C087DB021C0BA03C00EF4F91 /* IdentityKit.swift */; };
		C087DB051C0BA03C00EF4F91 /* MultilineStringOperator.swift in Sources */ = {isa = PBXBuildFile; fileRef = C087DB031C0BA03C00EF4F91 /* MultilineStringOperator.swift */; };
		C087DB071C0BD47C00EF4F91 /* Directives.swift in Sources */ = {isa = PBXBuildFile; fileRef = C087DB061C0BD47C00EF4F91 /* Directives.swift */; };
		C0B2A1CB1C0796D500FFE199 /* kitchen-sink.graphql in Resources */ = {isa = PBXBuildFile; fileRef = C0B2A1C61C0796D500FFE199 /* kitchen-sink.graphql */; };
		C0B2A1CC1C0796D500FFE199 /* LexerSpec.swift in Sources */ = {isa = PBXBuildFile; fileRef = C0B2A1C71C0796D500FFE199 /* LexerSpec.swift */; };
		C0B2A1CD1C0796D500FFE199 /* ParserSpec.swift in Sources */ = {isa = PBXBuildFile; fileRef = C0B2A1C81C0796D500FFE199 /* ParserSpec.swift */; };
		C0B2A1D21C07B01E00FFE199 /* Schema.swift in Sources */ = {isa = PBXBuildFile; fileRef = C0B2A1D11C07B01E00FFE199 /* Schema.swift */; };
		C0B2A1D51C07BF0700FFE199 /* StarWarsSchema.swift in Sources */ = {isa = PBXBuildFile; fileRef = C0B2A1D41C07BF0700FFE199 /* StarWarsSchema.swift */; };
		C0B3E2B61C09202E00421A72 /* SchemaDirective.swift in Sources */ = {isa = PBXBuildFile; fileRef = C0B3E2B51C09202E00421A72 /* SchemaDirective.swift */; };
		C0B3E2B81C09378D00421A72 /* SchemaObjectType.swift in Sources */ = {isa = PBXBuildFile; fileRef = C0B3E2B71C09378D00421A72 /* SchemaObjectType.swift */; };
		C0B3E2BA1C0937C200421A72 /* SchemaInputObjectType.swift in Sources */ = {isa = PBXBuildFile; fileRef = C0B3E2B91C0937C200421A72 /* SchemaInputObjectType.swift */; };
		C0B3E2BC1C0937D800421A72 /* SchemaInterface.swift in Sources */ = {isa = PBXBuildFile; fileRef = C0B3E2BB1C0937D800421A72 /* SchemaInterface.swift */; };
		C0B3E2BE1C0937EB00421A72 /* SchemaEnum.swift in Sources */ = {isa = PBXBuildFile; fileRef = C0B3E2BD1C0937EB00421A72 /* SchemaEnum.swift */; };
		C0B3E2C01C0937FC00421A72 /* ValidName.swift in Sources */ = {isa = PBXBuildFile; fileRef = C0B3E2BF1C0937FC00421A72 /* ValidName.swift */; };
		C0B3E2C21C0938C500421A72 /* SchemaUnion.swift in Sources */ = {isa = PBXBuildFile; fileRef = C0B3E2C11C0938C500421A72 /* SchemaUnion.swift */; };
		C0B3E2C41C0938DC00421A72 /* SchemaScalarType.swift in Sources */ = {isa = PBXBuildFile; fileRef = C0B3E2C31C0938DC00421A72 /* SchemaScalarType.swift */; };
		C0FE4CEE1B498178005217E2 /* AST.swift in Sources */ = {isa = PBXBuildFile; fileRef = C0FE4CEB1B498178005217E2 /* AST.swift */; };
		C0FE4CEF1B498178005217E2 /* Lexer.swift in Sources */ = {isa = PBXBuildFile; fileRef = C0FE4CEC1B498178005217E2 /* Lexer.swift */; };
		C0FE4CF01B498178005217E2 /* Parser.swift in Sources */ = {isa = PBXBuildFile; fileRef = C0FE4CED1B498178005217E2 /* Parser.swift */; };
		C0FE4CF71B4981D0005217E2 /* TypeInfo.swift in Sources */ = {isa = PBXBuildFile; fileRef = C0FE4CF51B4981D0005217E2 /* TypeInfo.swift */; };
		C0FE4CF81B4981D0005217E2 /* Undefined.swift in Sources */ = {isa = PBXBuildFile; fileRef = C0FE4CF61B4981D0005217E2 /* Undefined.swift */; };
		C0FE4CFA1B498279005217E2 /* Source.swift in Sources */ = {isa = PBXBuildFile; fileRef = C0FE4CF91B498279005217E2 /* Source.swift */; };
/* End PBXBuildFile section */

/* Begin PBXContainerItemProxy section */
		C003DB8F1B462D2B00A90329 /* PBXContainerItemProxy */ = {
			isa = PBXContainerItemProxy;
			containerPortal = C003DB7A1B462D2B00A90329 /* Project object */;
			proxyType = 1;
			remoteGlobalIDString = C003DB821B462D2B00A90329;
			remoteInfo = GraphQL;
		};
/* End PBXContainerItemProxy section */

/* Begin PBXFileReference section */
		820227A1E93B100798CD7630 /* Pods.release.xcconfig */ = {isa = PBXFileReference; includeInIndex = 1; lastKnownFileType = text.xcconfig; name = Pods.release.xcconfig; path = "Pods/Target Support Files/Pods/Pods.release.xcconfig"; sourceTree = "<group>"; };
		8B55AA39A09B88CDBEAE0367 /* Pods.debug.xcconfig */ = {isa = PBXFileReference; includeInIndex = 1; lastKnownFileType = text.xcconfig; name = Pods.debug.xcconfig; path = "Pods/Target Support Files/Pods/Pods.debug.xcconfig"; sourceTree = "<group>"; };
		C003DB831B462D2B00A90329 /* GraphQL.framework */ = {isa = PBXFileReference; explicitFileType = wrapper.framework; includeInIndex = 0; path = GraphQL.framework; sourceTree = BUILT_PRODUCTS_DIR; };
		C003DB861B462D2B00A90329 /* GraphQL.h */ = {isa = PBXFileReference; lastKnownFileType = sourcecode.c.h; path = GraphQL.h; sourceTree = "<group>"; };
		C003DB881B462D2B00A90329 /* Info.plist */ = {isa = PBXFileReference; lastKnownFileType = text.plist.xml; path = Info.plist; sourceTree = "<group>"; };
		C003DB8D1B462D2B00A90329 /* GraphQLTests.xctest */ = {isa = PBXFileReference; explicitFileType = wrapper.cfbundle; includeInIndex = 0; path = GraphQLTests.xctest; sourceTree = BUILT_PRODUCTS_DIR; };
		C003DB941B462D2B00A90329 /* Info.plist */ = {isa = PBXFileReference; lastKnownFileType = text.plist.xml; path = Info.plist; sourceTree = "<group>"; };
		C003DB9E1B462D3900A90329 /* Token.swift */ = {isa = PBXFileReference; fileEncoding = 4; lastKnownFileType = sourcecode.swift; path = Token.swift; sourceTree = "<group>"; };
		C003DBA91B4636DB00A90329 /* GraphQL.swift */ = {isa = PBXFileReference; fileEncoding = 4; lastKnownFileType = sourcecode.swift; path = GraphQL.swift; sourceTree = "<group>"; };
		C00CA1531C07DCC3004DF73F /* StarWarsData.swift */ = {isa = PBXFileReference; fileEncoding = 4; lastKnownFileType = sourcecode.swift; path = StarWarsData.swift; sourceTree = "<group>"; };
		C00CA1551C07DCEC004DF73F /* StarWarsModels.swift */ = {isa = PBXFileReference; fileEncoding = 4; lastKnownFileType = sourcecode.swift; path = StarWarsModels.swift; sourceTree = "<group>"; };
		C06F7F781B856769006CF035 /* Visitor.swift */ = {isa = PBXFileReference; fileEncoding = 4; lastKnownFileType = sourcecode.swift; path = Visitor.swift; sourceTree = "<group>"; };
		C087DAC21C0B9FBB00EF4F91 /* Executor.swift */ = {isa = PBXFileReference; fileEncoding = 4; lastKnownFileType = sourcecode.swift; path = Executor.swift; sourceTree = "<group>"; };
		C087DAC41C0B9FBF00EF4F91 /* Introspection.swift */ = {isa = PBXFileReference; fileEncoding = 4; lastKnownFileType = sourcecode.swift; path = Introspection.swift; sourceTree = "<group>"; };
		C087DAC71C0B9FCB00EF4F91 /* Rule.swift */ = {isa = PBXFileReference; fileEncoding = 4; lastKnownFileType = sourcecode.swift; path = Rule.swift; sourceTree = "<group>"; };
		C087DAC91C0B9FCB00EF4F91 /* ArgumentsOfCorrectType.swift */ = {isa = PBXFileReference; fileEncoding = 4; lastKnownFileType = sourcecode.swift; path = ArgumentsOfCorrectType.swift; sourceTree = "<group>"; };
		C087DACA1C0B9FCB00EF4F91 /* DefaultValuesOfCorrectType.swift */ = {isa = PBXFileReference; fileEncoding = 4; lastKnownFileType = sourcecode.swift; path = DefaultValuesOfCorrectType.swift; sourceTree = "<group>"; };
		C087DACB1C0B9FCB00EF4F91 /* FieldsOnCorrectType.swift */ = {isa = PBXFileReference; fileEncoding = 4; lastKnownFileType = sourcecode.swift; path = FieldsOnCorrectType.swift; sourceTree = "<group>"; };
		C087DACC1C0B9FCB00EF4F91 /* FragmentsOnCompositeTypes.swift */ = {isa = PBXFileReference; fileEncoding = 4; lastKnownFileType = sourcecode.swift; path = FragmentsOnCompositeTypes.swift; sourceTree = "<group>"; };
		C087DACD1C0B9FCB00EF4F91 /* KnownArgumentNames.swift */ = {isa = PBXFileReference; fileEncoding = 4; lastKnownFileType = sourcecode.swift; path = KnownArgumentNames.swift; sourceTree = "<group>"; };
		C087DACE1C0B9FCB00EF4F91 /* KnownDirectives.swift */ = {isa = PBXFileReference; fileEncoding = 4; lastKnownFileType = sourcecode.swift; path = KnownDirectives.swift; sourceTree = "<group>"; };
		C087DACF1C0B9FCB00EF4F91 /* KnownFragmentNames.swift */ = {isa = PBXFileReference; fileEncoding = 4; lastKnownFileType = sourcecode.swift; path = KnownFragmentNames.swift; sourceTree = "<group>"; };
		C087DAD01C0B9FCB00EF4F91 /* KnownTypeNames.swift */ = {isa = PBXFileReference; fileEncoding = 4; lastKnownFileType = sourcecode.swift; path = KnownTypeNames.swift; sourceTree = "<group>"; };
		C087DAD11C0B9FCB00EF4F91 /* LoneAnonymousOperation.swift */ = {isa = PBXFileReference; fileEncoding = 4; lastKnownFileType = sourcecode.swift; path = LoneAnonymousOperation.swift; sourceTree = "<group>"; };
		C087DAD21C0B9FCB00EF4F91 /* NoFragmentCycles.swift */ = {isa = PBXFileReference; fileEncoding = 4; lastKnownFileType = sourcecode.swift; path = NoFragmentCycles.swift; sourceTree = "<group>"; };
		C087DAD31C0B9FCB00EF4F91 /* NoUndefinedVariables.swift */ = {isa = PBXFileReference; fileEncoding = 4; lastKnownFileType = sourcecode.swift; path = NoUndefinedVariables.swift; sourceTree = "<group>"; };
		C087DAD41C0B9FCB00EF4F91 /* NoUnusedFragments.swift */ = {isa = PBXFileReference; fileEncoding = 4; lastKnownFileType = sourcecode.swift; path = NoUnusedFragments.swift; sourceTree = "<group>"; };
		C087DAD51C0B9FCB00EF4F91 /* NoUnusedVariables.swift */ = {isa = PBXFileReference; fileEncoding = 4; lastKnownFileType = sourcecode.swift; path = NoUnusedVariables.swift; sourceTree = "<group>"; };
		C087DAD61C0B9FCB00EF4F91 /* OverlappingFieldsCanBeMerged.swift */ = {isa = PBXFileReference; fileEncoding = 4; lastKnownFileType = sourcecode.swift; path = OverlappingFieldsCanBeMerged.swift; sourceTree = "<group>"; };
		C087DAD71C0B9FCB00EF4F91 /* PossibleFragmentSpreads.swift */ = {isa = PBXFileReference; fileEncoding = 4; lastKnownFileType = sourcecode.swift; path = PossibleFragmentSpreads.swift; sourceTree = "<group>"; };
		C087DAD81C0B9FCB00EF4F91 /* ProvidedNonNullArguments.swift */ = {isa = PBXFileReference; fileEncoding = 4; lastKnownFileType = sourcecode.swift; path = ProvidedNonNullArguments.swift; sourceTree = "<group>"; };
		C087DAD91C0B9FCB00EF4F91 /* ScalarLeafs.swift */ = {isa = PBXFileReference; fileEncoding = 4; lastKnownFileType = sourcecode.swift; path = ScalarLeafs.swift; sourceTree = "<group>"; };
		C087DADA1C0B9FCB00EF4F91 /* UniqueArgumentNames.swift */ = {isa = PBXFileReference; fileEncoding = 4; lastKnownFileType = sourcecode.swift; path = UniqueArgumentNames.swift; sourceTree = "<group>"; };
		C087DADB1C0B9FCB00EF4F91 /* UniqueFragmentNames.swift */ = {isa = PBXFileReference; fileEncoding = 4; lastKnownFileType = sourcecode.swift; path = UniqueFragmentNames.swift; sourceTree = "<group>"; };
		C087DADC1C0B9FCB00EF4F91 /* UniqueInputFieldNames.swift */ = {isa = PBXFileReference; fileEncoding = 4; lastKnownFileType = sourcecode.swift; path = UniqueInputFieldNames.swift; sourceTree = "<group>"; };
		C087DADD1C0B9FCB00EF4F91 /* UniqueOperationNames.swift */ = {isa = PBXFileReference; fileEncoding = 4; lastKnownFileType = sourcecode.swift; path = UniqueOperationNames.swift; sourceTree = "<group>"; };
		C087DADE1C0B9FCB00EF4F91 /* VariableAreInputTypes.swift */ = {isa = PBXFileReference; fileEncoding = 4; lastKnownFileType = sourcecode.swift; path = VariableAreInputTypes.swift; sourceTree = "<group>"; };
		C087DADF1C0B9FCB00EF4F91 /* VariablesInAllowedPosition.swift */ = {isa = PBXFileReference; fileEncoding = 4; lastKnownFileType = sourcecode.swift; path = VariablesInAllowedPosition.swift; sourceTree = "<group>"; };
		C087DAE01C0B9FCB00EF4F91 /* Validator.swift */ = {isa = PBXFileReference; fileEncoding = 4; lastKnownFileType = sourcecode.swift; path = Validator.swift; sourceTree = "<group>"; };
		C087DAFC1C0B9FE600EF4F91 /* UniqueArgumentNamesSpec.swift */ = {isa = PBXFileReference; fileEncoding = 4; lastKnownFileType = sourcecode.swift; path = UniqueArgumentNamesSpec.swift; sourceTree = "<group>"; };
		C087DAFD1C0B9FE600EF4F91 /* UniqueOperationNamesSpec.swift */ = {isa = PBXFileReference; fileEncoding = 4; lastKnownFileType = sourcecode.swift; path = UniqueOperationNamesSpec.swift; sourceTree = "<group>"; };
		C087DAFE1C0B9FE600EF4F91 /* ValidatorHarness.swift */ = {isa = PBXFileReference; fileEncoding = 4; lastKnownFileType = sourcecode.swift; path = ValidatorHarness.swift; sourceTree = "<group>"; };
		C087DB021C0BA03C00EF4F91 /* IdentityKit.swift */ = {isa = PBXFileReference; fileEncoding = 4; lastKnownFileType = sourcecode.swift; path = IdentityKit.swift; sourceTree = "<group>"; };
		C087DB031C0BA03C00EF4F91 /* MultilineStringOperator.swift */ = {isa = PBXFileReference; fileEncoding = 4; lastKnownFileType = sourcecode.swift; path = MultilineStringOperator.swift; sourceTree = "<group>"; };
		C087DB061C0BD47C00EF4F91 /* Directives.swift */ = {isa = PBXFileReference; fileEncoding = 4; lastKnownFileType = sourcecode.swift; path = Directives.swift; sourceTree = "<group>"; };
		C0B2A1C61C0796D500FFE199 /* kitchen-sink.graphql */ = {isa = PBXFileReference; fileEncoding = 4; lastKnownFileType = text; path = "kitchen-sink.graphql"; sourceTree = "<group>"; };
		C0B2A1C71C0796D500FFE199 /* LexerSpec.swift */ = {isa = PBXFileReference; fileEncoding = 4; lastKnownFileType = sourcecode.swift; path = LexerSpec.swift; sourceTree = "<group>"; };
		C0B2A1C81C0796D500FFE199 /* ParserSpec.swift */ = {isa = PBXFileReference; fileEncoding = 4; lastKnownFileType = sourcecode.swift; path = ParserSpec.swift; sourceTree = "<group>"; };
		C0B2A1D11C07B01E00FFE199 /* Schema.swift */ = {isa = PBXFileReference; fileEncoding = 4; lastKnownFileType = sourcecode.swift; path = Schema.swift; sourceTree = "<group>"; };
		C0B2A1D41C07BF0700FFE199 /* StarWarsSchema.swift */ = {isa = PBXFileReference; fileEncoding = 4; lastKnownFileType = sourcecode.swift; path = StarWarsSchema.swift; sourceTree = "<group>"; };
		C0B3E2B51C09202E00421A72 /* SchemaDirective.swift */ = {isa = PBXFileReference; fileEncoding = 4; lastKnownFileType = sourcecode.swift; path = SchemaDirective.swift; sourceTree = "<group>"; };
		C0B3E2B71C09378D00421A72 /* SchemaObjectType.swift */ = {isa = PBXFileReference; fileEncoding = 4; lastKnownFileType = sourcecode.swift; path = SchemaObjectType.swift; sourceTree = "<group>"; };
		C0B3E2B91C0937C200421A72 /* SchemaInputObjectType.swift */ = {isa = PBXFileReference; fileEncoding = 4; lastKnownFileType = sourcecode.swift; path = SchemaInputObjectType.swift; sourceTree = "<group>"; };
		C0B3E2BB1C0937D800421A72 /* SchemaInterface.swift */ = {isa = PBXFileReference; fileEncoding = 4; lastKnownFileType = sourcecode.swift; path = SchemaInterface.swift; sourceTree = "<group>"; };
		C0B3E2BD1C0937EB00421A72 /* SchemaEnum.swift */ = {isa = PBXFileReference; fileEncoding = 4; lastKnownFileType = sourcecode.swift; path = SchemaEnum.swift; sourceTree = "<group>"; };
		C0B3E2BF1C0937FC00421A72 /* ValidName.swift */ = {isa = PBXFileReference; fileEncoding = 4; lastKnownFileType = sourcecode.swift; path = ValidName.swift; sourceTree = "<group>"; };
		C0B3E2C11C0938C500421A72 /* SchemaUnion.swift */ = {isa = PBXFileReference; fileEncoding = 4; lastKnownFileType = sourcecode.swift; path = SchemaUnion.swift; sourceTree = "<group>"; };
		C0B3E2C31C0938DC00421A72 /* SchemaScalarType.swift */ = {isa = PBXFileReference; fileEncoding = 4; lastKnownFileType = sourcecode.swift; path = SchemaScalarType.swift; sourceTree = "<group>"; };
		C0FE4CEB1B498178005217E2 /* AST.swift */ = {isa = PBXFileReference; fileEncoding = 4; lastKnownFileType = sourcecode.swift; path = AST.swift; sourceTree = "<group>"; };
		C0FE4CEC1B498178005217E2 /* Lexer.swift */ = {isa = PBXFileReference; fileEncoding = 4; lastKnownFileType = sourcecode.swift; path = Lexer.swift; sourceTree = "<group>"; };
		C0FE4CED1B498178005217E2 /* Parser.swift */ = {isa = PBXFileReference; fileEncoding = 4; lastKnownFileType = sourcecode.swift; path = Parser.swift; sourceTree = "<group>"; };
		C0FE4CF51B4981D0005217E2 /* TypeInfo.swift */ = {isa = PBXFileReference; fileEncoding = 4; lastKnownFileType = sourcecode.swift; path = TypeInfo.swift; sourceTree = "<group>"; };
		C0FE4CF61B4981D0005217E2 /* Undefined.swift */ = {isa = PBXFileReference; fileEncoding = 4; lastKnownFileType = sourcecode.swift; path = Undefined.swift; sourceTree = "<group>"; };
		C0FE4CF91B498279005217E2 /* Source.swift */ = {isa = PBXFileReference; fileEncoding = 4; lastKnownFileType = sourcecode.swift; path = Source.swift; sourceTree = "<group>"; };
		FEC55DF5E2D04D9C8DCF55C4 /* Pods.framework */ = {isa = PBXFileReference; explicitFileType = wrapper.framework; includeInIndex = 0; path = Pods.framework; sourceTree = BUILT_PRODUCTS_DIR; };
/* End PBXFileReference section */

/* Begin PBXFrameworksBuildPhase section */
		C003DB7F1B462D2B00A90329 /* Frameworks */ = {
			isa = PBXFrameworksBuildPhase;
			buildActionMask = 2147483647;
			files = (
				B11FD2C941B8EDFE93A72538 /* Pods.framework in Frameworks */,
			);
			runOnlyForDeploymentPostprocessing = 0;
		};
		C003DB8A1B462D2B00A90329 /* Frameworks */ = {
			isa = PBXFrameworksBuildPhase;
			buildActionMask = 2147483647;
			files = (
				C003DB8E1B462D2B00A90329 /* GraphQL.framework in Frameworks */,
			);
			runOnlyForDeploymentPostprocessing = 0;
		};
/* End PBXFrameworksBuildPhase section */

/* Begin PBXGroup section */
		728587A83F4CF1E3A4EDC412 /* Pods */ = {
			isa = PBXGroup;
			children = (
				8B55AA39A09B88CDBEAE0367 /* Pods.debug.xcconfig */,
				820227A1E93B100798CD7630 /* Pods.release.xcconfig */,
			);
			name = Pods;
			sourceTree = "<group>";
		};
		98E5DE221EE1444B8CE05147 /* Frameworks */ = {
			isa = PBXGroup;
			children = (
				FEC55DF5E2D04D9C8DCF55C4 /* Pods.framework */,
			);
			name = Frameworks;
			sourceTree = "<group>";
		};
		C003DB791B462D2B00A90329 = {
			isa = PBXGroup;
			children = (
				C003DB851B462D2B00A90329 /* GraphQL */,
				C003DB911B462D2B00A90329 /* GraphQLTests */,
				C003DB841B462D2B00A90329 /* Products */,
				728587A83F4CF1E3A4EDC412 /* Pods */,
				98E5DE221EE1444B8CE05147 /* Frameworks */,
			);
			sourceTree = "<group>";
		};
		C003DB841B462D2B00A90329 /* Products */ = {
			isa = PBXGroup;
			children = (
				C003DB831B462D2B00A90329 /* GraphQL.framework */,
				C003DB8D1B462D2B00A90329 /* GraphQLTests.xctest */,
			);
			name = Products;
			sourceTree = "<group>";
		};
		C003DB851B462D2B00A90329 /* GraphQL */ = {
			isa = PBXGroup;
			children = (
				C087DAC11C0B9FBB00EF4F91 /* Execution */,
				C087DAC01C0B9F9500EF4F91 /* Introspection */,
				C0FE4CEA1B498178005217E2 /* Language */,
				C0B2A1D01C07B01900FFE199 /* Type system */,
				C087DAC61C0B9FCB00EF4F91 /* Validation */,
				C0FE4CF41B4981D0005217E2 /* Utils */,
				C003DB861B462D2B00A90329 /* GraphQL.h */,
				C003DBA91B4636DB00A90329 /* GraphQL.swift */,
				C003DB881B462D2B00A90329 /* Info.plist */,
			);
			path = GraphQL;
			sourceTree = "<group>";
		};
		C003DB911B462D2B00A90329 /* GraphQLTests */ = {
			isa = PBXGroup;
			children = (
				C0B2A1C51C0796D500FFE199 /* Language */,
				C0B2A1D31C07BEF300FFE199 /* Type system */,
				C087DAFA1C0B9FE600EF4F91 /* Validation */,
				C003DB941B462D2B00A90329 /* Info.plist */,
			);
			path = GraphQLTests;
			sourceTree = "<group>";
		};
		C087DAC01C0B9F9500EF4F91 /* Introspection */ = {
			isa = PBXGroup;
			children = (
				C087DAC41C0B9FBF00EF4F91 /* Introspection.swift */,
			);
			path = Introspection;
			sourceTree = "<group>";
		};
		C087DAC11C0B9FBB00EF4F91 /* Execution */ = {
			isa = PBXGroup;
			children = (
				C087DAC21C0B9FBB00EF4F91 /* Executor.swift */,
			);
			path = Execution;
			sourceTree = "<group>";
		};
		C087DAC61C0B9FCB00EF4F91 /* Validation */ = {
			isa = PBXGroup;
			children = (
				C087DAC81C0B9FCB00EF4F91 /* Rules */,
				C087DAC71C0B9FCB00EF4F91 /* Rule.swift */,
				C087DAE01C0B9FCB00EF4F91 /* Validator.swift */,
			);
			name = Validation;
			path = GraphQL/Validation;
			sourceTree = SOURCE_ROOT;
		};
		C087DAC81C0B9FCB00EF4F91 /* Rules */ = {
			isa = PBXGroup;
			children = (
				C087DAC91C0B9FCB00EF4F91 /* ArgumentsOfCorrectType.swift */,
				C087DACA1C0B9FCB00EF4F91 /* DefaultValuesOfCorrectType.swift */,
				C087DACB1C0B9FCB00EF4F91 /* FieldsOnCorrectType.swift */,
				C087DACC1C0B9FCB00EF4F91 /* FragmentsOnCompositeTypes.swift */,
				C087DACD1C0B9FCB00EF4F91 /* KnownArgumentNames.swift */,
				C087DACE1C0B9FCB00EF4F91 /* KnownDirectives.swift */,
				C087DACF1C0B9FCB00EF4F91 /* KnownFragmentNames.swift */,
				C087DAD01C0B9FCB00EF4F91 /* KnownTypeNames.swift */,
				C087DAD11C0B9FCB00EF4F91 /* LoneAnonymousOperation.swift */,
				C087DAD21C0B9FCB00EF4F91 /* NoFragmentCycles.swift */,
				C087DAD31C0B9FCB00EF4F91 /* NoUndefinedVariables.swift */,
				C087DAD41C0B9FCB00EF4F91 /* NoUnusedFragments.swift */,
				C087DAD51C0B9FCB00EF4F91 /* NoUnusedVariables.swift */,
				C087DAD61C0B9FCB00EF4F91 /* OverlappingFieldsCanBeMerged.swift */,
				C087DAD71C0B9FCB00EF4F91 /* PossibleFragmentSpreads.swift */,
				C087DAD81C0B9FCB00EF4F91 /* ProvidedNonNullArguments.swift */,
				C087DAD91C0B9FCB00EF4F91 /* ScalarLeafs.swift */,
				C087DADA1C0B9FCB00EF4F91 /* UniqueArgumentNames.swift */,
				C087DADB1C0B9FCB00EF4F91 /* UniqueFragmentNames.swift */,
				C087DADC1C0B9FCB00EF4F91 /* UniqueInputFieldNames.swift */,
				C087DADD1C0B9FCB00EF4F91 /* UniqueOperationNames.swift */,
				C087DADE1C0B9FCB00EF4F91 /* VariableAreInputTypes.swift */,
				C087DADF1C0B9FCB00EF4F91 /* VariablesInAllowedPosition.swift */,
			);
			path = Rules;
			sourceTree = "<group>";
		};
		C087DAFA1C0B9FE600EF4F91 /* Validation */ = {
			isa = PBXGroup;
			children = (
				C087DAFB1C0B9FE600EF4F91 /* Rules */,
				C087DAFE1C0B9FE600EF4F91 /* ValidatorHarness.swift */,
			);
			path = Validation;
			sourceTree = "<group>";
		};
		C087DAFB1C0B9FE600EF4F91 /* Rules */ = {
			isa = PBXGroup;
			children = (
				C087DAFC1C0B9FE600EF4F91 /* UniqueArgumentNamesSpec.swift */,
				C087DAFD1C0B9FE600EF4F91 /* UniqueOperationNamesSpec.swift */,
			);
			path = Rules;
			sourceTree = "<group>";
		};
		C0B2A1C51C0796D500FFE199 /* Language */ = {
			isa = PBXGroup;
			children = (
				C0B2A1C61C0796D500FFE199 /* kitchen-sink.graphql */,
				C0B2A1C71C0796D500FFE199 /* LexerSpec.swift */,
				C0B2A1C81C0796D500FFE199 /* ParserSpec.swift */,
			);
			path = Language;
			sourceTree = "<group>";
		};
		C0B2A1D01C07B01900FFE199 /* Type system */ = {
			isa = PBXGroup;
			children = (
				C087DB061C0BD47C00EF4F91 /* Directives.swift */,
				C0B2A1D11C07B01E00FFE199 /* Schema.swift */,
				C0B3E2B51C09202E00421A72 /* SchemaDirective.swift */,
				C0B3E2BD1C0937EB00421A72 /* SchemaEnum.swift */,
				C0B3E2B91C0937C200421A72 /* SchemaInputObjectType.swift */,
				C0B3E2BB1C0937D800421A72 /* SchemaInterface.swift */,
				C0B3E2B71C09378D00421A72 /* SchemaObjectType.swift */,
				C0B3E2C31C0938DC00421A72 /* SchemaScalarType.swift */,
				C0B3E2C11C0938C500421A72 /* SchemaUnion.swift */,
				C0B3E2BF1C0937FC00421A72 /* ValidName.swift */,
			);
			path = "Type system";
			sourceTree = "<group>";
		};
		C0B2A1D31C07BEF300FFE199 /* Type system */ = {
			isa = PBXGroup;
			children = (
				C00CA1531C07DCC3004DF73F /* StarWarsData.swift */,
				C00CA1551C07DCEC004DF73F /* StarWarsModels.swift */,
				C0B2A1D41C07BF0700FFE199 /* StarWarsSchema.swift */,
			);
			path = "Type system";
			sourceTree = "<group>";
		};
		C0FE4CEA1B498178005217E2 /* Language */ = {
			isa = PBXGroup;
			children = (
				C0FE4CEB1B498178005217E2 /* AST.swift */,
				C0FE4CEC1B498178005217E2 /* Lexer.swift */,
				C0FE4CED1B498178005217E2 /* Parser.swift */,
				C0FE4CF91B498279005217E2 /* Source.swift */,
				C003DB9E1B462D3900A90329 /* Token.swift */,
				C06F7F781B856769006CF035 /* Visitor.swift */,
			);
			path = Language;
			sourceTree = "<group>";
		};
		C0FE4CF41B4981D0005217E2 /* Utils */ = {
			isa = PBXGroup;
			children = (
				C087DB021C0BA03C00EF4F91 /* IdentityKit.swift */,
				C087DB031C0BA03C00EF4F91 /* MultilineStringOperator.swift */,
				C0FE4CF51B4981D0005217E2 /* TypeInfo.swift */,
				C0FE4CF61B4981D0005217E2 /* Undefined.swift */,
			);
			path = Utils;
			sourceTree = "<group>";
		};
/* End PBXGroup section */

/* Begin PBXHeadersBuildPhase section */
		C003DB801B462D2B00A90329 /* Headers */ = {
			isa = PBXHeadersBuildPhase;
			buildActionMask = 2147483647;
			files = (
				C003DB871B462D2B00A90329 /* GraphQL.h in Headers */,
			);
			runOnlyForDeploymentPostprocessing = 0;
		};
/* End PBXHeadersBuildPhase section */

/* Begin PBXNativeTarget section */
		C003DB821B462D2B00A90329 /* GraphQL */ = {
			isa = PBXNativeTarget;
			buildConfigurationList = C003DB971B462D2B00A90329 /* Build configuration list for PBXNativeTarget "GraphQL" */;
			buildPhases = (
				597E2005828BC2ED461D161E /* Check Pods Manifest.lock */,
				C003DB7E1B462D2B00A90329 /* Sources */,
				C003DB7F1B462D2B00A90329 /* Frameworks */,
				C003DB801B462D2B00A90329 /* Headers */,
				C003DB811B462D2B00A90329 /* Resources */,
				0FD2542565A9FA1EAA9FE89B /* Copy Pods Resources */,
			);
			buildRules = (
			);
			dependencies = (
			);
			name = GraphQL;
			productName = GraphQL;
			productReference = C003DB831B462D2B00A90329 /* GraphQL.framework */;
			productType = "com.apple.product-type.framework";
		};
		C003DB8C1B462D2B00A90329 /* GraphQLTests */ = {
			isa = PBXNativeTarget;
			buildConfigurationList = C003DB9A1B462D2B00A90329 /* Build configuration list for PBXNativeTarget "GraphQLTests" */;
			buildPhases = (
				C003DB891B462D2B00A90329 /* Sources */,
				C003DB8A1B462D2B00A90329 /* Frameworks */,
				C003DB8B1B462D2B00A90329 /* Resources */,
			);
			buildRules = (
			);
			dependencies = (
				C003DB901B462D2B00A90329 /* PBXTargetDependency */,
			);
			name = GraphQLTests;
			productName = GraphQLTests;
			productReference = C003DB8D1B462D2B00A90329 /* GraphQLTests.xctest */;
			productType = "com.apple.product-type.bundle.unit-test";
		};
/* End PBXNativeTarget section */

/* Begin PBXProject section */
		C003DB7A1B462D2B00A90329 /* Project object */ = {
			isa = PBXProject;
			attributes = {
				LastSwiftUpdateCheck = 0700;
				LastUpgradeCheck = 0700;
				ORGANIZATIONNAME = stepanhruda;
				TargetAttributes = {
					C003DB821B462D2B00A90329 = {
						CreatedOnToolsVersion = 7.0;
					};
					C003DB8C1B462D2B00A90329 = {
						CreatedOnToolsVersion = 7.0;
					};
				};
			};
			buildConfigurationList = C003DB7D1B462D2B00A90329 /* Build configuration list for PBXProject "GraphQL" */;
			compatibilityVersion = "Xcode 3.2";
			developmentRegion = English;
			hasScannedForEncodings = 0;
			knownRegions = (
				en,
			);
			mainGroup = C003DB791B462D2B00A90329;
			productRefGroup = C003DB841B462D2B00A90329 /* Products */;
			projectDirPath = "";
			projectRoot = "";
			targets = (
				C003DB821B462D2B00A90329 /* GraphQL */,
				C003DB8C1B462D2B00A90329 /* GraphQLTests */,
			);
		};
/* End PBXProject section */

/* Begin PBXResourcesBuildPhase section */
		C003DB811B462D2B00A90329 /* Resources */ = {
			isa = PBXResourcesBuildPhase;
			buildActionMask = 2147483647;
			files = (
			);
			runOnlyForDeploymentPostprocessing = 0;
		};
		C003DB8B1B462D2B00A90329 /* Resources */ = {
			isa = PBXResourcesBuildPhase;
			buildActionMask = 2147483647;
			files = (
				C0B2A1CB1C0796D500FFE199 /* kitchen-sink.graphql in Resources */,
			);
			runOnlyForDeploymentPostprocessing = 0;
		};
/* End PBXResourcesBuildPhase section */

/* Begin PBXShellScriptBuildPhase section */
		0FD2542565A9FA1EAA9FE89B /* Copy Pods Resources */ = {
			isa = PBXShellScriptBuildPhase;
			buildActionMask = 2147483647;
			files = (
			);
			inputPaths = (
			);
			name = "Copy Pods Resources";
			outputPaths = (
			);
			runOnlyForDeploymentPostprocessing = 0;
			shellPath = /bin/sh;
			shellScript = "\"${SRCROOT}/Pods/Target Support Files/Pods/Pods-resources.sh\"\n";
			showEnvVarsInLog = 0;
		};
		597E2005828BC2ED461D161E /* Check Pods Manifest.lock */ = {
			isa = PBXShellScriptBuildPhase;
			buildActionMask = 2147483647;
			files = (
			);
			inputPaths = (
			);
			name = "Check Pods Manifest.lock";
			outputPaths = (
			);
			runOnlyForDeploymentPostprocessing = 0;
			shellPath = /bin/sh;
			shellScript = "diff \"${PODS_ROOT}/../Podfile.lock\" \"${PODS_ROOT}/Manifest.lock\" > /dev/null\nif [[ $? != 0 ]] ; then\n    cat << EOM\nerror: The sandbox is not in sync with the Podfile.lock. Run 'pod install' or update your CocoaPods installation.\nEOM\n    exit 1\nfi\n";
			showEnvVarsInLog = 0;
		};
/* End PBXShellScriptBuildPhase section */

/* Begin PBXSourcesBuildPhase section */
		C003DB7E1B462D2B00A90329 /* Sources */ = {
			isa = PBXSourcesBuildPhase;
			buildActionMask = 2147483647;
			files = (
				C087DAEF1C0B9FCB00EF4F91 /* OverlappingFieldsCanBeMerged.swift in Sources */,
				C0B3E2BC1C0937D800421A72 /* SchemaInterface.swift in Sources */,
				C087DAF31C0B9FCB00EF4F91 /* UniqueArgumentNames.swift in Sources */,
				C0FE4CF81B4981D0005217E2 /* Undefined.swift in Sources */,
				C087DAC31C0B9FBB00EF4F91 /* Executor.swift in Sources */,
				C087DAEC1C0B9FCB00EF4F91 /* NoUndefinedVariables.swift in Sources */,
				C087DB041C0BA03C00EF4F91 /* IdentityKit.swift in Sources */,
				C087DAE11C0B9FCB00EF4F91 /* Rule.swift in Sources */,
				C0B3E2B81C09378D00421A72 /* SchemaObjectType.swift in Sources */,
				C087DAEB1C0B9FCB00EF4F91 /* NoFragmentCycles.swift in Sources */,
				C087DAF51C0B9FCB00EF4F91 /* UniqueInputFieldNames.swift in Sources */,
				C0FE4CEE1B498178005217E2 /* AST.swift in Sources */,
				C0B3E2BE1C0937EB00421A72 /* SchemaEnum.swift in Sources */,
				C003DBAA1B4636DB00A90329 /* GraphQL.swift in Sources */,
				C0FE4CFA1B498279005217E2 /* Source.swift in Sources */,
				C087DAF41C0B9FCB00EF4F91 /* UniqueFragmentNames.swift in Sources */,
				C087DAF61C0B9FCB00EF4F91 /* UniqueOperationNames.swift in Sources */,
				C0B3E2C21C0938C500421A72 /* SchemaUnion.swift in Sources */,
				C087DAF71C0B9FCB00EF4F91 /* VariableAreInputTypes.swift in Sources */,
				C087DAE91C0B9FCB00EF4F91 /* KnownTypeNames.swift in Sources */,
				C087DAF11C0B9FCB00EF4F91 /* ProvidedNonNullArguments.swift in Sources */,
				C087DAF81C0B9FCB00EF4F91 /* VariablesInAllowedPosition.swift in Sources */,
				C087DAE31C0B9FCB00EF4F91 /* DefaultValuesOfCorrectType.swift in Sources */,
				C087DAC51C0B9FBF00EF4F91 /* Introspection.swift in Sources */,
				C087DAEA1C0B9FCB00EF4F91 /* LoneAnonymousOperation.swift in Sources */,
				C087DAF01C0B9FCB00EF4F91 /* PossibleFragmentSpreads.swift in Sources */,
				C0FE4CF01B498178005217E2 /* Parser.swift in Sources */,
				C0B3E2BA1C0937C200421A72 /* SchemaInputObjectType.swift in Sources */,
				C087DAED1C0B9FCB00EF4F91 /* NoUnusedFragments.swift in Sources */,
				C087DB071C0BD47C00EF4F91 /* Directives.swift in Sources */,
				C087DAF91C0B9FCB00EF4F91 /* Validator.swift in Sources */,
				C003DBA11B462D3900A90329 /* Token.swift in Sources */,
				C087DAEE1C0B9FCB00EF4F91 /* NoUnusedVariables.swift in Sources */,
				C087DAF21C0B9FCB00EF4F91 /* ScalarLeafs.swift in Sources */,
				C0FE4CEF1B498178005217E2 /* Lexer.swift in Sources */,
				C0B2A1D21C07B01E00FFE199 /* Schema.swift in Sources */,
				C0FE4CF71B4981D0005217E2 /* TypeInfo.swift in Sources */,
				C087DAE51C0B9FCB00EF4F91 /* FragmentsOnCompositeTypes.swift in Sources */,
				C087DAE71C0B9FCB00EF4F91 /* KnownDirectives.swift in Sources */,
				C0B3E2C41C0938DC00421A72 /* SchemaScalarType.swift in Sources */,
				C0B3E2C01C0937FC00421A72 /* ValidName.swift in Sources */,
				C087DAE41C0B9FCB00EF4F91 /* FieldsOnCorrectType.swift in Sources */,
				C087DB051C0BA03C00EF4F91 /* MultilineStringOperator.swift in Sources */,
				C0B3E2B61C09202E00421A72 /* SchemaDirective.swift in Sources */,
				C06F7F791B856769006CF035 /* Visitor.swift in Sources */,
				C087DAE21C0B9FCB00EF4F91 /* ArgumentsOfCorrectType.swift in Sources */,
				C087DAE61C0B9FCB00EF4F91 /* KnownArgumentNames.swift in Sources */,
				C087DAE81C0B9FCB00EF4F91 /* KnownFragmentNames.swift in Sources */,
			);
			runOnlyForDeploymentPostprocessing = 0;
		};
		C003DB891B462D2B00A90329 /* Sources */ = {
			isa = PBXSourcesBuildPhase;
			buildActionMask = 2147483647;
			files = (
				C087DB001C0B9FE600EF4F91 /* UniqueOperationNamesSpec.swift in Sources */,
				C087DB011C0B9FE600EF4F91 /* ValidatorHarness.swift in Sources */,
				C00CA1561C07DCEC004DF73F /* StarWarsModels.swift in Sources */,
				C00CA1541C07DCC3004DF73F /* StarWarsData.swift in Sources */,
				C087DAFF1C0B9FE600EF4F91 /* UniqueArgumentNamesSpec.swift in Sources */,
				C0B2A1CC1C0796D500FFE199 /* LexerSpec.swift in Sources */,
				C0B2A1CD1C0796D500FFE199 /* ParserSpec.swift in Sources */,
				C0B2A1D51C07BF0700FFE199 /* StarWarsSchema.swift in Sources */,
			);
			runOnlyForDeploymentPostprocessing = 0;
		};
/* End PBXSourcesBuildPhase section */

/* Begin PBXTargetDependency section */
		C003DB901B462D2B00A90329 /* PBXTargetDependency */ = {
			isa = PBXTargetDependency;
			target = C003DB821B462D2B00A90329 /* GraphQL */;
			targetProxy = C003DB8F1B462D2B00A90329 /* PBXContainerItemProxy */;
		};
/* End PBXTargetDependency section */

/* Begin XCBuildConfiguration section */
		C003DB951B462D2B00A90329 /* Debug */ = {
			isa = XCBuildConfiguration;
			buildSettings = {
				ALWAYS_SEARCH_USER_PATHS = NO;
				CLANG_CXX_LANGUAGE_STANDARD = "gnu++0x";
				CLANG_CXX_LIBRARY = "libc++";
				CLANG_ENABLE_MODULES = YES;
				CLANG_ENABLE_OBJC_ARC = YES;
				CLANG_WARN_BOOL_CONVERSION = YES;
				CLANG_WARN_CONSTANT_CONVERSION = YES;
				CLANG_WARN_DIRECT_OBJC_ISA_USAGE = YES_ERROR;
				CLANG_WARN_EMPTY_BODY = YES;
				CLANG_WARN_ENUM_CONVERSION = YES;
				CLANG_WARN_INT_CONVERSION = YES;
				CLANG_WARN_OBJC_ROOT_CLASS = YES_ERROR;
				CLANG_WARN_UNREACHABLE_CODE = YES;
				CLANG_WARN__DUPLICATE_METHOD_MATCH = YES;
				"CODE_SIGN_IDENTITY[sdk=iphoneos*]" = "iPhone Developer";
				COPY_PHASE_STRIP = NO;
				CURRENT_PROJECT_VERSION = 1;
				DEBUG_INFORMATION_FORMAT = dwarf;
				ENABLE_STRICT_OBJC_MSGSEND = YES;
				ENABLE_TESTABILITY = YES;
				GCC_C_LANGUAGE_STANDARD = gnu99;
				GCC_DYNAMIC_NO_PIC = NO;
				GCC_NO_COMMON_BLOCKS = YES;
				GCC_OPTIMIZATION_LEVEL = 0;
				GCC_PREPROCESSOR_DEFINITIONS = (
					"DEBUG=1",
					"$(inherited)",
				);
				GCC_WARN_64_TO_32_BIT_CONVERSION = YES;
				GCC_WARN_ABOUT_RETURN_TYPE = YES_ERROR;
				GCC_WARN_UNDECLARED_SELECTOR = YES;
				GCC_WARN_UNINITIALIZED_AUTOS = YES_AGGRESSIVE;
				GCC_WARN_UNUSED_FUNCTION = YES;
				GCC_WARN_UNUSED_VARIABLE = YES;
				IPHONEOS_DEPLOYMENT_TARGET = 9.0;
				MTL_ENABLE_DEBUG_INFO = YES;
				ONLY_ACTIVE_ARCH = YES;
				SDKROOT = iphoneos;
				SWIFT_OPTIMIZATION_LEVEL = "-Onone";
				TARGETED_DEVICE_FAMILY = "1,2";
				VERSIONING_SYSTEM = "apple-generic";
				VERSION_INFO_PREFIX = "";
			};
			name = Debug;
		};
		C003DB961B462D2B00A90329 /* Release */ = {
			isa = XCBuildConfiguration;
			buildSettings = {
				ALWAYS_SEARCH_USER_PATHS = NO;
				CLANG_CXX_LANGUAGE_STANDARD = "gnu++0x";
				CLANG_CXX_LIBRARY = "libc++";
				CLANG_ENABLE_MODULES = YES;
				CLANG_ENABLE_OBJC_ARC = YES;
				CLANG_WARN_BOOL_CONVERSION = YES;
				CLANG_WARN_CONSTANT_CONVERSION = YES;
				CLANG_WARN_DIRECT_OBJC_ISA_USAGE = YES_ERROR;
				CLANG_WARN_EMPTY_BODY = YES;
				CLANG_WARN_ENUM_CONVERSION = YES;
				CLANG_WARN_INT_CONVERSION = YES;
				CLANG_WARN_OBJC_ROOT_CLASS = YES_ERROR;
				CLANG_WARN_UNREACHABLE_CODE = YES;
				CLANG_WARN__DUPLICATE_METHOD_MATCH = YES;
				"CODE_SIGN_IDENTITY[sdk=iphoneos*]" = "iPhone Developer";
				COPY_PHASE_STRIP = NO;
				CURRENT_PROJECT_VERSION = 1;
				DEBUG_INFORMATION_FORMAT = "dwarf-with-dsym";
				ENABLE_NS_ASSERTIONS = NO;
				ENABLE_STRICT_OBJC_MSGSEND = YES;
				GCC_C_LANGUAGE_STANDARD = gnu99;
				GCC_NO_COMMON_BLOCKS = YES;
				GCC_WARN_64_TO_32_BIT_CONVERSION = YES;
				GCC_WARN_ABOUT_RETURN_TYPE = YES_ERROR;
				GCC_WARN_UNDECLARED_SELECTOR = YES;
				GCC_WARN_UNINITIALIZED_AUTOS = YES_AGGRESSIVE;
				GCC_WARN_UNUSED_FUNCTION = YES;
				GCC_WARN_UNUSED_VARIABLE = YES;
				IPHONEOS_DEPLOYMENT_TARGET = 9.0;
				MTL_ENABLE_DEBUG_INFO = NO;
				SDKROOT = iphoneos;
				TARGETED_DEVICE_FAMILY = "1,2";
				VALIDATE_PRODUCT = YES;
				VERSIONING_SYSTEM = "apple-generic";
				VERSION_INFO_PREFIX = "";
			};
			name = Release;
		};
		C003DB981B462D2B00A90329 /* Debug */ = {
			isa = XCBuildConfiguration;
			baseConfigurationReference = 8B55AA39A09B88CDBEAE0367 /* Pods.debug.xcconfig */;
			buildSettings = {
				CLANG_ENABLE_MODULES = YES;
				DEFINES_MODULE = YES;
				DYLIB_COMPATIBILITY_VERSION = 1;
				DYLIB_CURRENT_VERSION = 1;
				DYLIB_INSTALL_NAME_BASE = "@rpath";
				INFOPLIST_FILE = GraphQL/Info.plist;
				INSTALL_PATH = "$(LOCAL_LIBRARY_DIR)/Frameworks";
				LD_RUNPATH_SEARCH_PATHS = "$(inherited) @executable_path/Frameworks @loader_path/Frameworks";
				PRODUCT_BUNDLE_IDENTIFIER = technology.stepanhruda.GraphQL;
				PRODUCT_NAME = "$(TARGET_NAME)";
				SKIP_INSTALL = YES;
				SWIFT_OPTIMIZATION_LEVEL = "-Onone";
			};
			name = Debug;
		};
		C003DB991B462D2B00A90329 /* Release */ = {
			isa = XCBuildConfiguration;
			baseConfigurationReference = 820227A1E93B100798CD7630 /* Pods.release.xcconfig */;
			buildSettings = {
				CLANG_ENABLE_MODULES = YES;
				DEFINES_MODULE = YES;
				DYLIB_COMPATIBILITY_VERSION = 1;
				DYLIB_CURRENT_VERSION = 1;
				DYLIB_INSTALL_NAME_BASE = "@rpath";
				INFOPLIST_FILE = GraphQL/Info.plist;
				INSTALL_PATH = "$(LOCAL_LIBRARY_DIR)/Frameworks";
				LD_RUNPATH_SEARCH_PATHS = "$(inherited) @executable_path/Frameworks @loader_path/Frameworks";
				PRODUCT_BUNDLE_IDENTIFIER = technology.stepanhruda.GraphQL;
				PRODUCT_NAME = "$(TARGET_NAME)";
				SKIP_INSTALL = YES;
			};
			name = Release;
		};
		C003DB9B1B462D2B00A90329 /* Debug */ = {
			isa = XCBuildConfiguration;
			buildSettings = {
				INFOPLIST_FILE = GraphQLTests/Info.plist;
				LD_RUNPATH_SEARCH_PATHS = "$(inherited) @executable_path/Frameworks @loader_path/Frameworks";
				PRODUCT_BUNDLE_IDENTIFIER = technology.stepanhruda.GraphQLTests;
				PRODUCT_NAME = "$(TARGET_NAME)";
			};
			name = Debug;
		};
		C003DB9C1B462D2B00A90329 /* Release */ = {
			isa = XCBuildConfiguration;
			buildSettings = {
				INFOPLIST_FILE = GraphQLTests/Info.plist;
				LD_RUNPATH_SEARCH_PATHS = "$(inherited) @executable_path/Frameworks @loader_path/Frameworks";
				PRODUCT_BUNDLE_IDENTIFIER = technology.stepanhruda.GraphQLTests;
				PRODUCT_NAME = "$(TARGET_NAME)";
			};
			name = Release;
		};
/* End XCBuildConfiguration section */

/* Begin XCConfigurationList section */
		C003DB7D1B462D2B00A90329 /* Build configuration list for PBXProject "GraphQL" */ = {
			isa = XCConfigurationList;
			buildConfigurations = (
				C003DB951B462D2B00A90329 /* Debug */,
				C003DB961B462D2B00A90329 /* Release */,
			);
			defaultConfigurationIsVisible = 0;
			defaultConfigurationName = Release;
		};
		C003DB971B462D2B00A90329 /* Build configuration list for PBXNativeTarget "GraphQL" */ = {
			isa = XCConfigurationList;
			buildConfigurations = (
				C003DB981B462D2B00A90329 /* Debug */,
				C003DB991B462D2B00A90329 /* Release */,
			);
			defaultConfigurationIsVisible = 0;
			defaultConfigurationName = Release;
		};
		C003DB9A1B462D2B00A90329 /* Build configuration list for PBXNativeTarget "GraphQLTests" */ = {
			isa = XCConfigurationList;
			buildConfigurations = (
				C003DB9B1B462D2B00A90329 /* Debug */,
				C003DB9C1B462D2B00A90329 /* Release */,
			);
			defaultConfigurationIsVisible = 0;
			defaultConfigurationName = Release;
		};
/* End XCConfigurationList section */
	};
	rootObject = C003DB7A1B462D2B00A90329 /* Project object */;
}
